// !$*UTF8*$!
{
	archiveVersion = 1;
	classes = {
	};
	objectVersion = 46;
	objects = {

/* Begin PBXBuildFile section */
		B0191EFD1CF4147300D72616 /* main.m in Sources */ = {isa = PBXBuildFile; fileRef = B0191EFC1CF4147300D72616 /* main.m */; };
		B0191F001CF4147300D72616 /* AppDelegate.m in Sources */ = {isa = PBXBuildFile; fileRef = B0191EFF1CF4147300D72616 /* AppDelegate.m */; };
		B0191F031CF4147300D72616 /* ViewController.m in Sources */ = {isa = PBXBuildFile; fileRef = B0191F021CF4147300D72616 /* ViewController.m */; };
		B0191F061CF4147300D72616 /* Main.storyboard in Resources */ = {isa = PBXBuildFile; fileRef = B0191F041CF4147300D72616 /* Main.storyboard */; };
		B0191F081CF4147300D72616 /* Assets.xcassets in Resources */ = {isa = PBXBuildFile; fileRef = B0191F071CF4147300D72616 /* Assets.xcassets */; };
		B0191F0B1CF4147300D72616 /* LaunchScreen.storyboard in Resources */ = {isa = PBXBuildFile; fileRef = B0191F091CF4147300D72616 /* LaunchScreen.storyboard */; };
		B0191F141CF414DE00D72616 /* SwiftViewController.swift in Sources */ = {isa = PBXBuildFile; fileRef = B0191F131CF414DE00D72616 /* SwiftViewController.swift */; };
		B0191F161CF4157300D72616 /* SwiftItem.swift in Sources */ = {isa = PBXBuildFile; fileRef = B0191F151CF4157300D72616 /* SwiftItem.swift */; };
		B0191F191CF4159500D72616 /* OCItem.m in Sources */ = {isa = PBXBuildFile; fileRef = B0191F181CF4159500D72616 /* OCItem.m */; };
/* End PBXBuildFile section */

/* Begin PBXFileReference section */
		B0191EF81CF4147300D72616 /* SwiftWithOC.app */ = {isa = PBXFileReference; explicitFileType = wrapper.application; includeInIndex = 0; path = SwiftWithOC.app; sourceTree = BUILT_PRODUCTS_DIR; };
		B0191EFC1CF4147300D72616 /* main.m */ = {isa = PBXFileReference; lastKnownFileType = sourcecode.c.objc; path = main.m; sourceTree = "<group>"; };
		B0191EFE1CF4147300D72616 /* AppDelegate.h */ = {isa = PBXFileReference; lastKnownFileType = sourcecode.c.h; path = AppDelegate.h; sourceTree = "<group>"; };
		B0191EFF1CF4147300D72616 /* AppDelegate.m */ = {isa = PBXFileReference; lastKnownFileType = sourcecode.c.objc; path = AppDelegate.m; sourceTree = "<group>"; };
		B0191F011CF4147300D72616 /* ViewController.h */ = {isa = PBXFileReference; lastKnownFileType = sourcecode.c.h; path = ViewController.h; sourceTree = "<group>"; };
		B0191F021CF4147300D72616 /* ViewController.m */ = {isa = PBXFileReference; lastKnownFileType = sourcecode.c.objc; path = ViewController.m; sourceTree = "<group>"; };
		B0191F051CF4147300D72616 /* Base */ = {isa = PBXFileReference; lastKnownFileType = file.storyboard; name = Base; path = Base.lproj/Main.storyboard; sourceTree = "<group>"; };
		B0191F071CF4147300D72616 /* Assets.xcassets */ = {isa = PBXFileReference; lastKnownFileType = folder.assetcatalog; path = Assets.xcassets; sourceTree = "<group>"; };
		B0191F0A1CF4147300D72616 /* Base */ = {isa = PBXFileReference; lastKnownFileType = file.storyboard; name = Base; path = Base.lproj/LaunchScreen.storyboard; sourceTree = "<group>"; };
		B0191F0C1CF4147300D72616 /* Info.plist */ = {isa = PBXFileReference; lastKnownFileType = text.plist.xml; path = Info.plist; sourceTree = "<group>"; };
		B0191F121CF414DD00D72616 /* SwiftWithOC-Bridging-Header.h */ = {isa = PBXFileReference; lastKnownFileType = sourcecode.c.h; path = "SwiftWithOC-Bridging-Header.h"; sourceTree = "<group>"; };
		B0191F131CF414DE00D72616 /* SwiftViewController.swift */ = {isa = PBXFileReference; fileEncoding = 4; lastKnownFileType = sourcecode.swift; path = SwiftViewController.swift; sourceTree = "<group>"; };
		B0191F151CF4157300D72616 /* SwiftItem.swift */ = {isa = PBXFileReference; fileEncoding = 4; lastKnownFileType = sourcecode.swift; path = SwiftItem.swift; sourceTree = "<group>"; };
		B0191F171CF4159500D72616 /* OCItem.h */ = {isa = PBXFileReference; fileEncoding = 4; lastKnownFileType = sourcecode.c.h; path = OCItem.h; sourceTree = "<group>"; };
		B0191F181CF4159500D72616 /* OCItem.m */ = {isa = PBXFileReference; fileEncoding = 4; lastKnownFileType = sourcecode.c.objc; path = OCItem.m; sourceTree = "<group>"; };
/* End PBXFileReference section */

/* Begin PBXFrameworksBuildPhase section */
		B0191EF51CF4147300D72616 /* Frameworks */ = {
			isa = PBXFrameworksBuildPhase;
			buildActionMask = 2147483647;
			files = (
			);
			runOnlyForDeploymentPostprocessing = 0;
		};
/* End PBXFrameworksBuildPhase section */

/* Begin PBXGroup section */
		B0191EEF1CF4147300D72616 = {
			isa = PBXGroup;
			children = (
				B0191EFA1CF4147300D72616 /* SwiftWithOC */,
				B0191EF91CF4147300D72616 /* Products */,
			);
			sourceTree = "<group>";
		};
		B0191EF91CF4147300D72616 /* Products */ = {
			isa = PBXGroup;
			children = (
				B0191EF81CF4147300D72616 /* SwiftWithOC.app */,
			);
			name = Products;
			sourceTree = "<group>";
		};
		B0191EFA1CF4147300D72616 /* SwiftWithOC */ = {
			isa = PBXGroup;
			children = (
				B0191EFE1CF4147300D72616 /* AppDelegate.h */,
				B0191EFF1CF4147300D72616 /* AppDelegate.m */,
				B0191F011CF4147300D72616 /* ViewController.h */,
				B0191F021CF4147300D72616 /* ViewController.m */,
				B0191F131CF414DE00D72616 /* SwiftViewController.swift */,
				B0191F041CF4147300D72616 /* Main.storyboard */,
				B0191F151CF4157300D72616 /* SwiftItem.swift */,
				B0191F171CF4159500D72616 /* OCItem.h */,
				B0191F181CF4159500D72616 /* OCItem.m */,
				B0191F071CF4147300D72616 /* Assets.xcassets */,
				B0191F091CF4147300D72616 /* LaunchScreen.storyboard */,
				B0191F0C1CF4147300D72616 /* Info.plist */,
				B0191EFB1CF4147300D72616 /* Supporting Files */,
				B0191F121CF414DD00D72616 /* SwiftWithOC-Bridging-Header.h */,
			);
			path = SwiftWithOC;
			sourceTree = "<group>";
		};
		B0191EFB1CF4147300D72616 /* Supporting Files */ = {
			isa = PBXGroup;
			children = (
				B0191EFC1CF4147300D72616 /* main.m */,
			);
			name = "Supporting Files";
			sourceTree = "<group>";
		};
/* End PBXGroup section */

/* Begin PBXNativeTarget section */
		B0191EF71CF4147300D72616 /* SwiftWithOC */ = {
			isa = PBXNativeTarget;
			buildConfigurationList = B0191F0F1CF4147300D72616 /* Build configuration list for PBXNativeTarget "SwiftWithOC" */;
			buildPhases = (
				B0191EF41CF4147300D72616 /* Sources */,
				B0191EF51CF4147300D72616 /* Frameworks */,
				B0191EF61CF4147300D72616 /* Resources */,
			);
			buildRules = (
			);
			dependencies = (
			);
			name = SwiftWithOC;
			productName = SwiftWithOC;
			productReference = B0191EF81CF4147300D72616 /* SwiftWithOC.app */;
			productType = "com.apple.product-type.application";
		};
/* End PBXNativeTarget section */

/* Begin PBXProject section */
		B0191EF01CF4147300D72616 /* Project object */ = {
			isa = PBXProject;
			attributes = {
				LastUpgradeCheck = 0730;
				ORGANIZATIONNAME = "Roy Lin";
				TargetAttributes = {
					B0191EF71CF4147300D72616 = {
						CreatedOnToolsVersion = 7.3.1;
					};
				};
			};
			buildConfigurationList = B0191EF31CF4147300D72616 /* Build configuration list for PBXProject "SwiftWithOC" */;
			compatibilityVersion = "Xcode 3.2";
			developmentRegion = English;
			hasScannedForEncodings = 0;
			knownRegions = (
				en,
				Base,
			);
			mainGroup = B0191EEF1CF4147300D72616;
			productRefGroup = B0191EF91CF4147300D72616 /* Products */;
			projectDirPath = "";
			projectRoot = "";
			targets = (
				B0191EF71CF4147300D72616 /* SwiftWithOC */,
			);
		};
/* End PBXProject section */

/* Begin PBXResourcesBuildPhase section */
		B0191EF61CF4147300D72616 /* Resources */ = {
			isa = PBXResourcesBuildPhase;
			buildActionMask = 2147483647;
			files = (
				B0191F0B1CF4147300D72616 /* LaunchScreen.storyboard in Resources */,
				B0191F081CF4147300D72616 /* Assets.xcassets in Resources */,
				B0191F061CF4147300D72616 /* Main.storyboard in Resources */,
			);
			runOnlyForDeploymentPostprocessing = 0;
		};
/* End PBXResourcesBuildPhase section */

/* Begin PBXSourcesBuildPhase section */
		B0191EF41CF4147300D72616 /* Sources */ = {
			isa = PBXSourcesBuildPhase;
			buildActionMask = 2147483647;
			files = (
				B0191F191CF4159500D72616 /* OCItem.m in Sources */,
				B0191F161CF4157300D72616 /* SwiftItem.swift in Sources */,
				B0191F141CF414DE00D72616 /* SwiftViewController.swift in Sources */,
				B0191F031CF4147300D72616 /* ViewController.m in Sources */,
				B0191F001CF4147300D72616 /* AppDelegate.m in Sources */,
				B0191EFD1CF4147300D72616 /* main.m in Sources */,
			);
			runOnlyForDeploymentPostprocessing = 0;
		};
/* End PBXSourcesBuildPhase section */

/* Begin PBXVariantGroup section */
		B0191F041CF4147300D72616 /* Main.storyboard */ = {
			isa = PBXVariantGroup;
			children = (
				B0191F051CF4147300D72616 /* Base */,
			);
			name = Main.storyboard;
			sourceTree = "<group>";
		};
		B0191F091CF4147300D72616 /* LaunchScreen.storyboard */ = {
			isa = PBXVariantGroup;
			children = (
				B0191F0A1CF4147300D72616 /* Base */,
			);
			name = LaunchScreen.storyboard;
			sourceTree = "<group>";
		};
/* End PBXVariantGroup section */

/* Begin XCBuildConfiguration section */
		B0191F0D1CF4147300D72616 /* Debug */ = {
			isa = XCBuildConfiguration;
			buildSettings = {
				ALWAYS_SEARCH_USER_PATHS = NO;
				CLANG_ANALYZER_NONNULL = YES;
				CLANG_CXX_LANGUAGE_STANDARD = "gnu++0x";
				CLANG_CXX_LIBRARY = "libc++";
				CLANG_ENABLE_MODULES = YES;
				CLANG_ENABLE_OBJC_ARC = YES;
				CLANG_WARN_BOOL_CONVERSION = YES;
				CLANG_WARN_CONSTANT_CONVERSION = YES;
				CLANG_WARN_DIRECT_OBJC_ISA_USAGE = YES_ERROR;
				CLANG_WARN_EMPTY_BODY = YES;
				CLANG_WARN_ENUM_CONVERSION = YES;
				CLANG_WARN_INT_CONVERSION = YES;
				CLANG_WARN_OBJC_ROOT_CLASS = YES_ERROR;
				CLANG_WARN_UNREACHABLE_CODE = YES;
				CLANG_WARN__DUPLICATE_METHOD_MATCH = YES;
				"CODE_SIGN_IDENTITY[sdk=iphoneos*]" = "iPhone Developer";
				COPY_PHASE_STRIP = NO;
				DEBUG_INFORMATION_FORMAT = dwarf;
				ENABLE_STRICT_OBJC_MSGSEND = YES;
				ENABLE_TESTABILITY = YES;
				GCC_C_LANGUAGE_STANDARD = gnu99;
				GCC_DYNAMIC_NO_PIC = NO;
				GCC_NO_COMMON_BLOCKS = YES;
				GCC_OPTIMIZATION_LEVEL = 0;
				GCC_PREPROCESSOR_DEFINITIONS = (
					"DEBUG=1",
					"$(inherited)",
				);
				GCC_WARN_64_TO_32_BIT_CONVERSION = YES;
				GCC_WARN_ABOUT_RETURN_TYPE = YES_ERROR;
				GCC_WARN_UNDECLARED_SELECTOR = YES;
				GCC_WARN_UNINITIALIZED_AUTOS = YES_AGGRESSIVE;
				GCC_WARN_UNUSED_FUNCTION = YES;
				GCC_WARN_UNUSED_VARIABLE = YES;
				IPHONEOS_DEPLOYMENT_TARGET = 9.3;
				MTL_ENABLE_DEBUG_INFO = YES;
				ONLY_ACTIVE_ARCH = YES;
				SDKROOT = iphoneos;
				TARGETED_DEVICE_FAMILY = "1,2";
			};
			name = Debug;
		};
		B0191F0E1CF4147300D72616 /* Release */ = {
			isa = XCBuildConfiguration;
			buildSettings = {
				ALWAYS_SEARCH_USER_PATHS = NO;
				CLANG_ANALYZER_NONNULL = YES;
				CLANG_CXX_LANGUAGE_STANDARD = "gnu++0x";
				CLANG_CXX_LIBRARY = "libc++";
				CLANG_ENABLE_MODULES = YES;
				CLANG_ENABLE_OBJC_ARC = YES;
				CLANG_WARN_BOOL_CONVERSION = YES;
				CLANG_WARN_CONSTANT_CONVERSION = YES;
				CLANG_WARN_DIRECT_OBJC_ISA_USAGE = YES_ERROR;
				CLANG_WARN_EMPTY_BODY = YES;
				CLANG_WARN_ENUM_CONVERSION = YES;
				CLANG_WARN_INT_CONVERSION = YES;
				CLANG_WARN_OBJC_ROOT_CLASS = YES_ERROR;
				CLANG_WARN_UNREACHABLE_CODE = YES;
				CLANG_WARN__DUPLICATE_METHOD_MATCH = YES;
				"CODE_SIGN_IDENTITY[sdk=iphoneos*]" = "iPhone Developer";
				COPY_PHASE_STRIP = NO;
				DEBUG_INFORMATION_FORMAT = "dwarf-with-dsym";
				ENABLE_NS_ASSERTIONS = NO;
				ENABLE_STRICT_OBJC_MSGSEND = YES;
				GCC_C_LANGUAGE_STANDARD = gnu99;
				GCC_NO_COMMON_BLOCKS = YES;
				GCC_WARN_64_TO_32_BIT_CONVERSION = YES;
				GCC_WARN_ABOUT_RETURN_TYPE = YES_ERROR;
				GCC_WARN_UNDECLARED_SELECTOR = YES;
				GCC_WARN_UNINITIALIZED_AUTOS = YES_AGGRESSIVE;
				GCC_WARN_UNUSED_FUNCTION = YES;
				GCC_WARN_UNUSED_VARIABLE = YES;
				IPHONEOS_DEPLOYMENT_TARGET = 9.3;
				MTL_ENABLE_DEBUG_INFO = NO;
				SDKROOT = iphoneos;
				TARGETED_DEVICE_FAMILY = "1,2";
				VALIDATE_PRODUCT = YES;
			};
			name = Release;
		};
		B0191F101CF4147300D72616 /* Debug */ = {
			isa = XCBuildConfiguration;
			buildSettings = {
				ASSETCATALOG_COMPILER_APPICON_NAME = AppIcon;
				CLANG_ENABLE_MODULES = YES;
				INFOPLIST_FILE = SwiftWithOC/Info.plist;
				LD_RUNPATH_SEARCH_PATHS = "$(inherited) @executable_path/Frameworks";
				PRODUCT_BUNDLE_IDENTIFIER = com.0x000.SwiftWithOC;
				PRODUCT_NAME = "$(TARGET_NAME)";
				SWIFT_OBJC_BRIDGING_HEADER = "SwiftWithOC/SwiftWithOC-Bridging-Header.h";
				SWIFT_OPTIMIZATION_LEVEL = "-Onone";
			};
			name = Debug;
		};
		B0191F111CF4147300D72616 /* Release */ = {
			isa = XCBuildConfiguration;
			buildSettings = {
				ASSETCATALOG_COMPILER_APPICON_NAME = AppIcon;
				CLANG_ENABLE_MODULES = YES;
				INFOPLIST_FILE = SwiftWithOC/Info.plist;
				LD_RUNPATH_SEARCH_PATHS = "$(inherited) @executable_path/Frameworks";
				PRODUCT_BUNDLE_IDENTIFIER = com.0x000.SwiftWithOC;
				PRODUCT_NAME = "$(TARGET_NAME)";
				SWIFT_OBJC_BRIDGING_HEADER = "SwiftWithOC/SwiftWithOC-Bridging-Header.h";
			};
			name = Release;
		};
/* End XCBuildConfiguration section */

/* Begin XCConfigurationList section */
		B0191EF31CF4147300D72616 /* Build configuration list for PBXProject "SwiftWithOC" */ = {
			isa = XCConfigurationList;
			buildConfigurations = (
				B0191F0D1CF4147300D72616 /* Debug */,
				B0191F0E1CF4147300D72616 /* Release */,
			);
			defaultConfigurationIsVisible = 0;
			defaultConfigurationName = Release;
		};
		B0191F0F1CF4147300D72616 /* Build configuration list for PBXNativeTarget "SwiftWithOC" */ = {
			isa = XCConfigurationList;
			buildConfigurations = (
				B0191F101CF4147300D72616 /* Debug */,
				B0191F111CF4147300D72616 /* Release */,
			);
			defaultConfigurationIsVisible = 0;
		};
/* End XCConfigurationList section */
	};
	rootObject = B0191EF01CF4147300D72616 /* Project object */;
}
